{
	"name": "simple-polygon-offset",
	"version": "0.0.1",
	"lockfileVersion": 3,
	"requires": true,
	"packages": {
		"": {
			"name": "simple-polygon-offset",
			"version": "0.0.1",
			"license": "MIT",
			"dependencies": {
				"martinez-polygon-clipping": "^0.7.3"
			},
			"devDependencies": {
				"typescript": "^5.3.3"
			}
		},
		"node_modules/martinez-polygon-clipping": {
			"version": "0.7.3",
			"resolved": "https://registry.npmjs.org/martinez-polygon-clipping/-/martinez-polygon-clipping-0.7.3.tgz",
			"integrity": "sha512-i1CM1sgj6v7Vy2ZeaxZKmAKAin1QApPaBKk/kW8QENxTrWliTHDDEBhwQz0gdFx+F3JkWiIz4y5IhoaGkcfOIA==",
			"dependencies": {
				"robust-predicates": "^2.0.4",
				"splaytree": "^0.1.4",
				"tinyqueue": "^1.2.0"
			}
		},
		"node_modules/robust-predicates": {
			"version": "2.0.4",
			"resolved": "https://registry.npmjs.org/robust-predicates/-/robust-predicates-2.0.4.tgz",
			"integrity": "sha512-l4NwboJM74Ilm4VKfbAtFeGq7aEjWL+5kVFcmgFA2MrdnQWx9iE/tUGvxY5HyMI7o/WpSIUFLbC5fbeaHgSCYg=="
		},
		"node_modules/splaytree": {
			"version": "0.1.4",
			"resolved": "https://registry.npmjs.org/splaytree/-/splaytree-0.1.4.tgz",
			"integrity": "sha512-D50hKrjZgBzqD3FT2Ek53f2dcDLAQT8SSGrzj3vidNH5ISRgceeGVJ2dQIthKOuayqFXfFjXheHNo4bbt9LhRQ=="
		},
		"node_modules/tinyqueue": {
			"version": "1.2.3",
			"resolved": "https://registry.npmjs.org/tinyqueue/-/tinyqueue-1.2.3.tgz",
			"integrity": "sha512-Qz9RgWuO9l8lT+Y9xvbzhPT2efIUIFd69N7eF7tJ9lnQl0iLj1M7peK7IoUGZL9DJHw9XftqLreccfxcQgYLxA=="
		},
		"node_modules/typescript": {
			"version": "5.3.3",
			"resolved": "https://registry.npmjs.org/typescript/-/typescript-5.3.3.tgz",
			"integrity": "sha512-pXWcraxM0uxAS+tN0AG/BF2TyqmHO014Z070UsJ+pFvYuRSq8KH8DmWpnbXe0pEPDHXZV3FcAbJkijJ5oNEnWw==",
			"dev": true,
			"bin": {
				"tsc": "bin/tsc",
				"tsserver": "bin/tsserver"
			},
			"engines": {
				"node": ">=14.17"
			}
		}
	}
}
